{
  "name": "change-version",
  "version": "1.0.0",
  "lockfileVersion": 3,
  "requires": true,
  "packages": {
    "": {
      "name": "change-version",
      "version": "1.0.0",
      "license": "MIT",
      "bin": {
        "change-version": "src/main.js"
      },
      "devDependencies": {}
    }
  }
}
